
Microsoft Visual Studio Solution File, Format Version 12.00
# Visual Studio Version 17
VisualStudioVersion = 17.7.34202.233
MinimumVisualStudioVersion = 10.0.40219.1
Project("{9A19103F-16F7-4668-BE54-9A1E7A4F7556}") = "Profunion", "Profunion.csproj", "{ABB1CF0B-F298-471F-B8CB-9C49079D2D1B}"
EndProject
Global
	GlobalSection(SolutionConfigurationPlatforms) = preSolution
		Debug|Any CPU = Debug|Any CPU
		Release|Any CPU = Release|Any CPU
	EndGlobalSection
	GlobalSection(ProjectConfigurationPlatforms) = postSolution
		{ABB1CF0B-F298-471F-B8CB-9C49079D2D1B}.Debug|Any CPU.ActiveCfg = Debug|Any CPU
		{ABB1CF0B-F298-471F-B8CB-9C49079D2D1B}.Debug|Any CPU.Build.0 = Debug|Any CPU
		{ABB1CF0B-F298-471F-B8CB-9C49079D2D1B}.Release|Any CPU.ActiveCfg = Release|Any CPU
		{ABB1CF0B-F298-471F-B8CB-9C49079D2D1B}.Release|Any CPU.Build.0 = Release|Any CPU
	EndGlobalSection
	GlobalSection(SolutionProperties) = preSolution
		HideSolutionNode = FALSE
	EndGlobalSection
	GlobalSection(ExtensibilityGlobals) = postSolution
		SolutionGuid = {33B686A7-4FB3-4110-B0CC-E63F61867794}
	EndGlobalSection
EndGlobal
